
Microsoft Visual Studio Solution File, Format Version 12.00
# Visual Studio Version 17
VisualStudioVersion = 17.14.36414.22
MinimumVisualStudioVersion = 10.0.40219.1
Project("{2150E333-8FDC-42A3-9474-1A3956D46DE8}") = "Task0V0", "Task0V0", "{02EA681E-C7D8-13C7-8484-4AC65E1B71E8}"
EndProject
Project("{FAE04EC0-301F-11D3-BF4B-00C04F79EFBC}") = "Tyuiu.GogolevVM.Sprint4.Task0.V0", "Tyuiu.GogolevVM.Sprint4.Task0.V0\Tyuiu.GogolevVM.Sprint4.Task0.V0.csproj", "{501AD4D7-74A7-4DC8-9344-E90528FE26BA}"
EndProject
Project("{FAE04EC0-301F-11D3-BF4B-00C04F79EFBC}") = "Tyuiu.GogolevVM.Sprint4.Task0.V0.Lib", "Tyuiu.GogolevVM.Sprint4.Task0.V0.Lib\Tyuiu.GogolevVM.Sprint4.Task0.V0.Lib.csproj", "{EFFFC664-9138-43E1-8E32-1546DA11B30B}"
EndProject
Project("{FAE04EC0-301F-11D3-BF4B-00C04F79EFBC}") = "Tyuiu.GogolevVM.Sprint4.Task0.V0.Test", "Tyuiu.GogolevVM.Sprint4.Task0.V0.Test\Tyuiu.GogolevVM.Sprint4.Task0.V0.Test.csproj", "{76134010-F3C4-4DB3-BBBA-820FC5D095D7}"
EndProject
Project("{FAE04EC0-301F-11D3-BF4B-00C04F79EFBC}") = "TestProgram", "TestProgram\TestProgram.csproj", "{EE4803B1-9CEE-4E37-96BE-FE8FD53D17EF}"
EndProject
Project("{2150E333-8FDC-42A3-9474-1A3956D46DE8}") = "Task0V25", "Task0V25", "{CFBB419C-4ECA-4A19-8597-DA6F951E8C5D}"
EndProject
Project("{FAE04EC0-301F-11D3-BF4B-00C04F79EFBC}") = "Tyuiu.GogolevVM.Sprint4.Task0.V25", "Tyuiu.GogolevVM.Sprint4.Task0.V25\Tyuiu.GogolevVM.Sprint4.Task0.V25.csproj", "{CF989DF1-C3EF-49A1-93BC-8636D5D37510}"
EndProject
Project("{FAE04EC0-301F-11D3-BF4B-00C04F79EFBC}") = "Tyuiu.GogolevVM.Sprint4.Task0.V25.Lib", "Tyuiu.GogolevVM.Sprint4.Task0.V25.Lib\Tyuiu.GogolevVM.Sprint4.Task0.V25.Lib.csproj", "{FDD8B91C-0645-46F3-AB20-7EDDC88E7060}"
EndProject
Project("{FAE04EC0-301F-11D3-BF4B-00C04F79EFBC}") = "Tyuiu.GogolevVM.Sprint4.Task0.V25.Test", "Tyuiu.GogolevVM.Sprint4.Task0.V25.Test\Tyuiu.GogolevVM.Sprint4.Task0.V25.Test.csproj", "{071F58A3-ADF5-4AFE-97A1-726D0CA475F6}"
EndProject
Project("{2150E333-8FDC-42A3-9474-1A3956D46DE8}") = "Task1V0", "Task1V0", "{3A3FDEA7-1278-473F-A33E-0353A5767577}"
EndProject
Project("{FAE04EC0-301F-11D3-BF4B-00C04F79EFBC}") = "Tyuiu.GogolevVM.Sprint4.Task1.V0", "Tyuiu.GogolevVM.Sprint4.Task1.V0\Tyuiu.GogolevVM.Sprint4.Task1.V0.csproj", "{A4CD6013-E803-461F-AA5E-04545C6F8D25}"
EndProject
Project("{FAE04EC0-301F-11D3-BF4B-00C04F79EFBC}") = "Tyuiu.GogolevVM.Sprint4.Task1.V0.Lib", "Tyuiu.GogolevVM.Sprint4.Task1.V0.Lib\Tyuiu.GogolevVM.Sprint4.Task1.V0.Lib.csproj", "{56F8DB2A-018F-42E5-8BE0-90AB8650F25E}"
EndProject
Project("{FAE04EC0-301F-11D3-BF4B-00C04F79EFBC}") = "Tyuiu.GogolevVM.Sprint4.Task1.V0.Test", "Tyuiu.GogolevVM.Sprint4.Task1.V0.Test\Tyuiu.GogolevVM.Sprint4.Task1.V0.Test.csproj", "{59FE9FB7-2AAF-4023-B146-16CC0F86C909}"
EndProject
Project("{2150E333-8FDC-42A3-9474-1A3956D46DE8}") = "Task1V22", "Task1V22", "{8327E902-EDA7-4360-B13D-DE26A8731AEB}"
EndProject
Project("{FAE04EC0-301F-11D3-BF4B-00C04F79EFBC}") = "Tyuiu.GogolevVM.Sprint4.Task1.V22", "Tyuiu.GogolevVM.Sprint4.Task1.V22\Tyuiu.GogolevVM.Sprint4.Task1.V22.csproj", "{588F0DED-D9E7-47FB-9AD6-200C9E1BF7AE}"
EndProject
Project("{FAE04EC0-301F-11D3-BF4B-00C04F79EFBC}") = "Tyuiu.GogolevVM.Sprint4.Task1.V22.Lib", "Tyuiu.GogolevVM.Sprint4.Task1.V22.Lib\Tyuiu.GogolevVM.Sprint4.Task1.V22.Lib.csproj", "{9467BB59-4FF7-4CB4-9CE5-DC1C88794549}"
EndProject
Project("{FAE04EC0-301F-11D3-BF4B-00C04F79EFBC}") = "Tyuiu.GogolevVM.Sprint4.Task1.V22.Test", "Tyuiu.GogolevVM.Sprint4.Task1.V22.Test\Tyuiu.GogolevVM.Sprint4.Task1.V22.Test.csproj", "{0D23E219-2383-4A56-8CE9-A271C15306FC}"
EndProject
Project("{2150E333-8FDC-42A3-9474-1A3956D46DE8}") = "Task2V0", "Task2V0", "{E25FD877-F7B8-4829-B127-CE0B849FC880}"
EndProject
Project("{FAE04EC0-301F-11D3-BF4B-00C04F79EFBC}") = "Tyuiu.GogolevVM.Sprint4.Task2.V0", "Tyuiu.GogolevVM.Sprint4.Task2.V0\Tyuiu.GogolevVM.Sprint4.Task2.V0.csproj", "{2C9C1D08-F372-45E9-9EBA-0B154C7C6576}"
EndProject
Project("{FAE04EC0-301F-11D3-BF4B-00C04F79EFBC}") = "Tyuiu.GogolevVM.Sprint4.Task2.V0.Test", "Tyuiu.GogolevVM.Sprint4.Task2.V0.Test\Tyuiu.GogolevVM.Sprint4.Task2.V0.Test.csproj", "{F9FABD15-E3C2-4C59-BA2A-505BD4F6AAA8}"
EndProject
Project("{FAE04EC0-301F-11D3-BF4B-00C04F79EFBC}") = "Tyuiu.GogolevVM.Sprint4.Task2.V0.Lib", "Tyuiu.GogolevVM.Sprint4.Task2.V0.Lib\Tyuiu.GogolevVM.Sprint4.Task2.V0.Lib.csproj", "{B3CC3E60-FC0C-4994-AC28-1EB0D904677C}"
EndProject
Project("{2150E333-8FDC-42A3-9474-1A3956D46DE8}") = "Task2V24", "Task2V24", "{08C0CC9F-5150-469C-94D7-C98269C6D00D}"
EndProject
Project("{FAE04EC0-301F-11D3-BF4B-00C04F79EFBC}") = "Tyuiu.GogolevVM.Sprint4.Task2.V24", "Tyuiu.GogolevVM.Sprint4.Task2.V24\Tyuiu.GogolevVM.Sprint4.Task2.V24.csproj", "{2F9563A1-3692-490F-AB40-797184416DE5}"
EndProject
Project("{FAE04EC0-301F-11D3-BF4B-00C04F79EFBC}") = "Tyuiu.GogolevVM.Sprint4.Task2.V24.Lib", "Tyuiu.GogolevVM.Sprint4.Task2.V24.Lib\Tyuiu.GogolevVM.Sprint4.Task2.V24.Lib.csproj", "{68E69A2D-BB70-4174-9E73-3B78B40D0CFD}"
EndProject
Project("{FAE04EC0-301F-11D3-BF4B-00C04F79EFBC}") = "Tyuiu.GogolevVM.Sprint4.Task2.V24.Test", "Tyuiu.GogolevVM.Sprint4.Task2.V24.Test\Tyuiu.GogolevVM.Sprint4.Task2.V24.Test.csproj", "{7BBA3E30-CE34-47BA-9637-71D58C7E3EE8}"
EndProject
Project("{2150E333-8FDC-42A3-9474-1A3956D46DE8}") = "Task3V0", "Task3V0", "{5D17A9DB-AE4E-49EC-8EF5-E620A6469F7C}"
EndProject
Project("{FAE04EC0-301F-11D3-BF4B-00C04F79EFBC}") = "Tyuiu.GogolevVM.Sprint4.Task3.V0", "Tyuiu.GogolevVM.Sprint4.Task3.V0\Tyuiu.GogolevVM.Sprint4.Task3.V0.csproj", "{0684D00A-1B3C-4277-8FD9-32958BECF9D9}"
EndProject
Project("{FAE04EC0-301F-11D3-BF4B-00C04F79EFBC}") = "Tyuiu.GogolevVM.Sprint4.Task3.V0.Lib", "Tyuiu.GogolevVM.Sprint4.Task3.V0.Lib\Tyuiu.GogolevVM.Sprint4.Task3.V0.Lib.csproj", "{B01EF5BE-42A1-481A-AC15-67032219F46E}"
EndProject
Project("{FAE04EC0-301F-11D3-BF4B-00C04F79EFBC}") = "Tyuiu.GogolevVM.Sprint4.Task3.V0.Test", "Tyuiu.GogolevVM.Sprint4.Task3.V0.Test\Tyuiu.GogolevVM.Sprint4.Task3.V0.Test.csproj", "{C681BED0-8BD7-454B-A050-5AF43C89EC40}"
EndProject
Project("{2150E333-8FDC-42A3-9474-1A3956D46DE8}") = "Task3V7", "Task3V7", "{545CB439-0331-478B-AA76-C7D388CF3F67}"
EndProject
Project("{FAE04EC0-301F-11D3-BF4B-00C04F79EFBC}") = "Tyuiu.GogolevVM.Sprint4.Task3.V7", "Tyuiu.GogolevVM.Sprint4.Task3.V7\Tyuiu.GogolevVM.Sprint4.Task3.V7.csproj", "{902F66E6-EF5F-4008-9231-DA61E9F88DB9}"
EndProject
Project("{FAE04EC0-301F-11D3-BF4B-00C04F79EFBC}") = "Tyuiu.GogolevVM.Sprint4.Task3.V7.Lib", "Tyuiu.GogolevVM.Sprint4.Task3.V7.Lib\Tyuiu.GogolevVM.Sprint4.Task3.V7.Lib.csproj", "{847CAFFE-B555-4D0E-9B67-37CEE7ED33A7}"
EndProject
Project("{FAE04EC0-301F-11D3-BF4B-00C04F79EFBC}") = "Tyuiu.GogolevVM.Sprint4.Task3.V7.Test", "Tyuiu.GogolevVM.Sprint4.Task3.V7.Test\Tyuiu.GogolevVM.Sprint4.Task3.V7.Test.csproj", "{09F446F9-877B-4E90-BDBD-6A2426CBBF06}"
EndProject
Project("{2150E333-8FDC-42A3-9474-1A3956D46DE8}") = "Task4V0", "Task4V0", "{9E599E98-0AC6-4656-B6BA-9A98FE7CF71B}"
EndProject
Project("{FAE04EC0-301F-11D3-BF4B-00C04F79EFBC}") = "Tyuiu.GogolevVM.Sprint4.Task4.V0", "Tyuiu.GogolevVM.Sprint4.Task4.V0\Tyuiu.GogolevVM.Sprint4.Task4.V0.csproj", "{968C5889-3CEC-4503-8D73-6F2B50065DCB}"
EndProject
Project("{FAE04EC0-301F-11D3-BF4B-00C04F79EFBC}") = "Tyuiu.GogolevVM.Sprint4.Task4.V0.Lib", "Tyuiu.GogolevVM.Sprint4.Task4.V0.Lib\Tyuiu.GogolevVM.Sprint4.Task4.V0.Lib.csproj", "{985776BE-2DE6-4337-AF1F-4331485F0647}"
EndProject
Project("{FAE04EC0-301F-11D3-BF4B-00C04F79EFBC}") = "Tyuiu.GogolevVM.Sprint4.Task4.V0.Test", "Tyuiu.GogolevVM.Sprint4.Task4.V0.Test\Tyuiu.GogolevVM.Sprint4.Task4.V0.Test.csproj", "{0057138C-620C-4F7E-BD30-BFDABA8B7D17}"
EndProject
Project("{2150E333-8FDC-42A3-9474-1A3956D46DE8}") = "Task4V13", "Task4V13", "{439BF051-ADB7-42DE-A781-ED17DA78DFC2}"
EndProject
Project("{FAE04EC0-301F-11D3-BF4B-00C04F79EFBC}") = "Tyuiu.GogolevVM.Sprint4.Task4.V13", "Tyuiu.GogolevVM.Sprint4.Task4.V13\Tyuiu.GogolevVM.Sprint4.Task4.V13.csproj", "{71DF7016-CC23-4D24-8FE5-639A9FDEC439}"
EndProject
Project("{FAE04EC0-301F-11D3-BF4B-00C04F79EFBC}") = "Tyuiu.GogolevVM.Sprint4.Task4.V13.Lib", "Tyuiu.GogolevVM.Sprint4.Task4.V13.Lib\Tyuiu.GogolevVM.Sprint4.Task4.V13.Lib.csproj", "{1C039DC9-338D-4590-AC4C-1425910A6A0C}"
EndProject
Project("{FAE04EC0-301F-11D3-BF4B-00C04F79EFBC}") = "Tyuiu.GogolevVM.Sprint4.Task4.V13.Test", "Tyuiu.GogolevVM.Sprint4.Task4.V13.Test\Tyuiu.GogolevVM.Sprint4.Task4.V13.Test.csproj", "{CEB360EC-DE77-45B4-ABE8-E258D0CA380C}"
EndProject
Project("{2150E333-8FDC-42A3-9474-1A3956D46DE8}") = "Task5V0", "Task5V0", "{1908443D-818A-4C5A-AB3B-F96AC4BA3442}"
EndProject
Project("{FAE04EC0-301F-11D3-BF4B-00C04F79EFBC}") = "Tyuiu.GogolevVM.Sprint4.Task5.V0", "Tyuiu.GogolevVM.Sprint4.Task5.V0\Tyuiu.GogolevVM.Sprint4.Task5.V0.csproj", "{5C9F169F-EF3E-43B4-8947-0135F3157977}"
EndProject
Project("{FAE04EC0-301F-11D3-BF4B-00C04F79EFBC}") = "Tyuiu.GogolevVM.Sprint4.Task5.V0.Lib", "Tyuiu.GogolevVM.Sprint4.Task5.V0.Lib\Tyuiu.GogolevVM.Sprint4.Task5.V0.Lib.csproj", "{B9B63CBB-2838-4DF3-8232-D4930C78ED92}"
EndProject
Project("{FAE04EC0-301F-11D3-BF4B-00C04F79EFBC}") = "Tyuiu.GogolevVM.Sprint4.Task5.V0.Test", "Tyuiu.GogolevVM.Sprint4.Task5.V0.Test\Tyuiu.GogolevVM.Sprint4.Task5.V0.Test.csproj", "{761D960D-11AF-4E87-96AC-EBE486B85330}"
EndProject
Project("{2150E333-8FDC-42A3-9474-1A3956D46DE8}") = "Task5V26", "Task5V26", "{06190D6A-FD39-46E4-9081-984ADBDD314B}"
EndProject
Project("{FAE04EC0-301F-11D3-BF4B-00C04F79EFBC}") = "Tyuiu.GogolevVM.Sprint4.Task5.V26", "Tyuiu.GogolevVM.Sprint4.Task5.V26\Tyuiu.GogolevVM.Sprint4.Task5.V26.csproj", "{D4FDE48B-B47F-407E-B2FC-7DC7A6902ADF}"
EndProject
Project("{FAE04EC0-301F-11D3-BF4B-00C04F79EFBC}") = "Tyuiu.GogolevVM.Sprint4.Task5.V26.Lib", "Tyuiu.GogolevVM.Sprint4.Task5.V26.Lib\Tyuiu.GogolevVM.Sprint4.Task5.V26.Lib.csproj", "{B4D5D99E-547D-46B8-A50A-2D1D7054B138}"
EndProject
Project("{FAE04EC0-301F-11D3-BF4B-00C04F79EFBC}") = "Tyuiu.GogolevVM.Sprint4.Task5.V26.Test", "Tyuiu.GogolevVM.Sprint4.Task5.V26.Test\Tyuiu.GogolevVM.Sprint4.Task5.V26.Test.csproj", "{35B15669-7A8B-4755-AA23-F57EBC4A65E1}"
EndProject
Project("{2150E333-8FDC-42A3-9474-1A3956D46DE8}") = "Task6V0", "Task6V0", "{ED779AE2-762D-44A6-A903-E6F319FF987C}"
EndProject
Project("{FAE04EC0-301F-11D3-BF4B-00C04F79EFBC}") = "Tyuiu.GogolevVM.Sprint4.Task6.V0", "Tyuiu.GogolevVM.Sprint4.Task6.V0\Tyuiu.GogolevVM.Sprint4.Task6.V0.csproj", "{A2FEF348-C3F4-4B9B-9214-27B3FAB7204D}"
EndProject
Project("{FAE04EC0-301F-11D3-BF4B-00C04F79EFBC}") = "Tyuiu.GogolevVM.Sprint4.Task6.V0.Lib", "Tyuiu.GogolevVM.Sprint4.Task6.V0.Lib\Tyuiu.GogolevVM.Sprint4.Task6.V0.Lib.csproj", "{24689EBD-9479-4DE6-93C4-2C136D30AE27}"
EndProject
Project("{FAE04EC0-301F-11D3-BF4B-00C04F79EFBC}") = "Tyuiu.GogolevVM.Sprint4.Task6.V0.Test", "Tyuiu.GogolevVM.Sprint4.Task6.V0.Test\Tyuiu.GogolevVM.Sprint4.Task6.V0.Test.csproj", "{A1AB93BA-9912-43FC-BCC7-3B1A7C14E46F}"
EndProject
Project("{2150E333-8FDC-42A3-9474-1A3956D46DE8}") = "Task6V30", "Task6V30", "{13E4CF84-4B30-46A2-BA8C-A8090086CF13}"
EndProject
Project("{FAE04EC0-301F-11D3-BF4B-00C04F79EFBC}") = "Tyuiu.GogolevVM.Sprint4.Task6.V30", "Tyuiu.GogolevVM.Sprint4.Task6.V30\Tyuiu.GogolevVM.Sprint4.Task6.V30.csproj", "{243F491E-8C96-4528-8EA3-986F2D7477CC}"
EndProject
Project("{FAE04EC0-301F-11D3-BF4B-00C04F79EFBC}") = "Tyuiu.GogolevVM.Sprint4.Task6.V30.Lib", "Tyuiu.GogolevVM.Sprint4.Task6.V30.Lib\Tyuiu.GogolevVM.Sprint4.Task6.V30.Lib.csproj", "{58F56138-89AC-4FD3-A3D3-4DACB65785A2}"
EndProject
Project("{FAE04EC0-301F-11D3-BF4B-00C04F79EFBC}") = "Tyuiu.GogolevVM.Sprint4.Task6.V30.Test", "Tyuiu.GogolevVM.Sprint4.Task6.V30.Test\Tyuiu.GogolevVM.Sprint4.Task6.V30.Test.csproj", "{AFDE396F-13CC-4F95-8531-11A5F7E1A6CE}"
EndProject
Global
	GlobalSection(SolutionConfigurationPlatforms) = preSolution
		Debug|Any CPU = Debug|Any CPU
		Release|Any CPU = Release|Any CPU
	EndGlobalSection
	GlobalSection(ProjectConfigurationPlatforms) = postSolution
		{501AD4D7-74A7-4DC8-9344-E90528FE26BA}.Debug|Any CPU.ActiveCfg = Debug|Any CPU
		{501AD4D7-74A7-4DC8-9344-E90528FE26BA}.Debug|Any CPU.Build.0 = Debug|Any CPU
		{501AD4D7-74A7-4DC8-9344-E90528FE26BA}.Release|Any CPU.ActiveCfg = Release|Any CPU
		{501AD4D7-74A7-4DC8-9344-E90528FE26BA}.Release|Any CPU.Build.0 = Release|Any CPU
		{EFFFC664-9138-43E1-8E32-1546DA11B30B}.Debug|Any CPU.ActiveCfg = Debug|Any CPU
		{EFFFC664-9138-43E1-8E32-1546DA11B30B}.Debug|Any CPU.Build.0 = Debug|Any CPU
		{EFFFC664-9138-43E1-8E32-1546DA11B30B}.Release|Any CPU.ActiveCfg = Release|Any CPU
		{EFFFC664-9138-43E1-8E32-1546DA11B30B}.Release|Any CPU.Build.0 = Release|Any CPU
		{76134010-F3C4-4DB3-BBBA-820FC5D095D7}.Debug|Any CPU.ActiveCfg = Debug|Any CPU
		{76134010-F3C4-4DB3-BBBA-820FC5D095D7}.Debug|Any CPU.Build.0 = Debug|Any CPU
		{76134010-F3C4-4DB3-BBBA-820FC5D095D7}.Release|Any CPU.ActiveCfg = Release|Any CPU
		{76134010-F3C4-4DB3-BBBA-820FC5D095D7}.Release|Any CPU.Build.0 = Release|Any CPU
		{EE4803B1-9CEE-4E37-96BE-FE8FD53D17EF}.Debug|Any CPU.ActiveCfg = Debug|Any CPU
		{EE4803B1-9CEE-4E37-96BE-FE8FD53D17EF}.Debug|Any CPU.Build.0 = Debug|Any CPU
		{EE4803B1-9CEE-4E37-96BE-FE8FD53D17EF}.Release|Any CPU.ActiveCfg = Release|Any CPU
		{EE4803B1-9CEE-4E37-96BE-FE8FD53D17EF}.Release|Any CPU.Build.0 = Release|Any CPU
		{CF989DF1-C3EF-49A1-93BC-8636D5D37510}.Debug|Any CPU.ActiveCfg = Debug|Any CPU
		{CF989DF1-C3EF-49A1-93BC-8636D5D37510}.Debug|Any CPU.Build.0 = Debug|Any CPU
		{CF989DF1-C3EF-49A1-93BC-8636D5D37510}.Release|Any CPU.ActiveCfg = Release|Any CPU
		{CF989DF1-C3EF-49A1-93BC-8636D5D37510}.Release|Any CPU.Build.0 = Release|Any CPU
		{FDD8B91C-0645-46F3-AB20-7EDDC88E7060}.Debug|Any CPU.ActiveCfg = Debug|Any CPU
		{FDD8B91C-0645-46F3-AB20-7EDDC88E7060}.Debug|Any CPU.Build.0 = Debug|Any CPU
		{FDD8B91C-0645-46F3-AB20-7EDDC88E7060}.Release|Any CPU.ActiveCfg = Release|Any CPU
		{FDD8B91C-0645-46F3-AB20-7EDDC88E7060}.Release|Any CPU.Build.0 = Release|Any CPU
		{071F58A3-ADF5-4AFE-97A1-726D0CA475F6}.Debug|Any CPU.ActiveCfg = Debug|Any CPU
		{071F58A3-ADF5-4AFE-97A1-726D0CA475F6}.Debug|Any CPU.Build.0 = Debug|Any CPU
		{071F58A3-ADF5-4AFE-97A1-726D0CA475F6}.Release|Any CPU.ActiveCfg = Release|Any CPU
		{071F58A3-ADF5-4AFE-97A1-726D0CA475F6}.Release|Any CPU.Build.0 = Release|Any CPU
		{A4CD6013-E803-461F-AA5E-04545C6F8D25}.Debug|Any CPU.ActiveCfg = Debug|Any CPU
		{A4CD6013-E803-461F-AA5E-04545C6F8D25}.Debug|Any CPU.Build.0 = Debug|Any CPU
		{A4CD6013-E803-461F-AA5E-04545C6F8D25}.Release|Any CPU.ActiveCfg = Release|Any CPU
		{A4CD6013-E803-461F-AA5E-04545C6F8D25}.Release|Any CPU.Build.0 = Release|Any CPU
		{56F8DB2A-018F-42E5-8BE0-90AB8650F25E}.Debug|Any CPU.ActiveCfg = Debug|Any CPU
		{56F8DB2A-018F-42E5-8BE0-90AB8650F25E}.Debug|Any CPU.Build.0 = Debug|Any CPU
		{56F8DB2A-018F-42E5-8BE0-90AB8650F25E}.Release|Any CPU.ActiveCfg = Release|Any CPU
		{56F8DB2A-018F-42E5-8BE0-90AB8650F25E}.Release|Any CPU.Build.0 = Release|Any CPU
		{59FE9FB7-2AAF-4023-B146-16CC0F86C909}.Debug|Any CPU.ActiveCfg = Debug|Any CPU
		{59FE9FB7-2AAF-4023-B146-16CC0F86C909}.Debug|Any CPU.Build.0 = Debug|Any CPU
		{59FE9FB7-2AAF-4023-B146-16CC0F86C909}.Release|Any CPU.ActiveCfg = Release|Any CPU
		{59FE9FB7-2AAF-4023-B146-16CC0F86C909}.Release|Any CPU.Build.0 = Release|Any CPU
		{588F0DED-D9E7-47FB-9AD6-200C9E1BF7AE}.Debug|Any CPU.ActiveCfg = Debug|Any CPU
		{588F0DED-D9E7-47FB-9AD6-200C9E1BF7AE}.Debug|Any CPU.Build.0 = Debug|Any CPU
		{588F0DED-D9E7-47FB-9AD6-200C9E1BF7AE}.Release|Any CPU.ActiveCfg = Release|Any CPU
		{588F0DED-D9E7-47FB-9AD6-200C9E1BF7AE}.Release|Any CPU.Build.0 = Release|Any CPU
		{9467BB59-4FF7-4CB4-9CE5-DC1C88794549}.Debug|Any CPU.ActiveCfg = Debug|Any CPU
		{9467BB59-4FF7-4CB4-9CE5-DC1C88794549}.Debug|Any CPU.Build.0 = Debug|Any CPU
		{9467BB59-4FF7-4CB4-9CE5-DC1C88794549}.Release|Any CPU.ActiveCfg = Release|Any CPU
		{9467BB59-4FF7-4CB4-9CE5-DC1C88794549}.Release|Any CPU.Build.0 = Release|Any CPU
		{0D23E219-2383-4A56-8CE9-A271C15306FC}.Debug|Any CPU.ActiveCfg = Debug|Any CPU
		{0D23E219-2383-4A56-8CE9-A271C15306FC}.Debug|Any CPU.Build.0 = Debug|Any CPU
		{0D23E219-2383-4A56-8CE9-A271C15306FC}.Release|Any CPU.ActiveCfg = Release|Any CPU
		{0D23E219-2383-4A56-8CE9-A271C15306FC}.Release|Any CPU.Build.0 = Release|Any CPU
		{2C9C1D08-F372-45E9-9EBA-0B154C7C6576}.Debug|Any CPU.ActiveCfg = Debug|Any CPU
		{2C9C1D08-F372-45E9-9EBA-0B154C7C6576}.Debug|Any CPU.Build.0 = Debug|Any CPU
		{2C9C1D08-F372-45E9-9EBA-0B154C7C6576}.Release|Any CPU.ActiveCfg = Release|Any CPU
		{2C9C1D08-F372-45E9-9EBA-0B154C7C6576}.Release|Any CPU.Build.0 = Release|Any CPU
		{F9FABD15-E3C2-4C59-BA2A-505BD4F6AAA8}.Debug|Any CPU.ActiveCfg = Debug|Any CPU
		{F9FABD15-E3C2-4C59-BA2A-505BD4F6AAA8}.Debug|Any CPU.Build.0 = Debug|Any CPU
		{F9FABD15-E3C2-4C59-BA2A-505BD4F6AAA8}.Release|Any CPU.ActiveCfg = Release|Any CPU
		{F9FABD15-E3C2-4C59-BA2A-505BD4F6AAA8}.Release|Any CPU.Build.0 = Release|Any CPU
		{B3CC3E60-FC0C-4994-AC28-1EB0D904677C}.Debug|Any CPU.ActiveCfg = Debug|Any CPU
		{B3CC3E60-FC0C-4994-AC28-1EB0D904677C}.Debug|Any CPU.Build.0 = Debug|Any CPU
		{B3CC3E60-FC0C-4994-AC28-1EB0D904677C}.Release|Any CPU.ActiveCfg = Release|Any CPU
		{B3CC3E60-FC0C-4994-AC28-1EB0D904677C}.Release|Any CPU.Build.0 = Release|Any CPU
		{2F9563A1-3692-490F-AB40-797184416DE5}.Debug|Any CPU.ActiveCfg = Debug|Any CPU
		{2F9563A1-3692-490F-AB40-797184416DE5}.Debug|Any CPU.Build.0 = Debug|Any CPU
		{2F9563A1-3692-490F-AB40-797184416DE5}.Release|Any CPU.ActiveCfg = Release|Any CPU
		{2F9563A1-3692-490F-AB40-797184416DE5}.Release|Any CPU.Build.0 = Release|Any CPU
		{68E69A2D-BB70-4174-9E73-3B78B40D0CFD}.Debug|Any CPU.ActiveCfg = Debug|Any CPU
		{68E69A2D-BB70-4174-9E73-3B78B40D0CFD}.Debug|Any CPU.Build.0 = Debug|Any CPU
		{68E69A2D-BB70-4174-9E73-3B78B40D0CFD}.Release|Any CPU.ActiveCfg = Release|Any CPU
		{68E69A2D-BB70-4174-9E73-3B78B40D0CFD}.Release|Any CPU.Build.0 = Release|Any CPU
		{7BBA3E30-CE34-47BA-9637-71D58C7E3EE8}.Debug|Any CPU.ActiveCfg = Debug|Any CPU
		{7BBA3E30-CE34-47BA-9637-71D58C7E3EE8}.Debug|Any CPU.Build.0 = Debug|Any CPU
		{7BBA3E30-CE34-47BA-9637-71D58C7E3EE8}.Release|Any CPU.ActiveCfg = Release|Any CPU
		{7BBA3E30-CE34-47BA-9637-71D58C7E3EE8}.Release|Any CPU.Build.0 = Release|Any CPU
		{0684D00A-1B3C-4277-8FD9-32958BECF9D9}.Debug|Any CPU.ActiveCfg = Debug|Any CPU
		{0684D00A-1B3C-4277-8FD9-32958BECF9D9}.Debug|Any CPU.Build.0 = Debug|Any CPU
		{0684D00A-1B3C-4277-8FD9-32958BECF9D9}.Release|Any CPU.ActiveCfg = Release|Any CPU
		{0684D00A-1B3C-4277-8FD9-32958BECF9D9}.Release|Any CPU.Build.0 = Release|Any CPU
		{B01EF5BE-42A1-481A-AC15-67032219F46E}.Debug|Any CPU.ActiveCfg = Debug|Any CPU
		{B01EF5BE-42A1-481A-AC15-67032219F46E}.Debug|Any CPU.Build.0 = Debug|Any CPU
		{B01EF5BE-42A1-481A-AC15-67032219F46E}.Release|Any CPU.ActiveCfg = Release|Any CPU
		{B01EF5BE-42A1-481A-AC15-67032219F46E}.Release|Any CPU.Build.0 = Release|Any CPU
		{C681BED0-8BD7-454B-A050-5AF43C89EC40}.Debug|Any CPU.ActiveCfg = Debug|Any CPU
		{C681BED0-8BD7-454B-A050-5AF43C89EC40}.Debug|Any CPU.Build.0 = Debug|Any CPU
		{C681BED0-8BD7-454B-A050-5AF43C89EC40}.Release|Any CPU.ActiveCfg = Release|Any CPU
		{C681BED0-8BD7-454B-A050-5AF43C89EC40}.Release|Any CPU.Build.0 = Release|Any CPU
		{902F66E6-EF5F-4008-9231-DA61E9F88DB9}.Debug|Any CPU.ActiveCfg = Debug|Any CPU
		{902F66E6-EF5F-4008-9231-DA61E9F88DB9}.Debug|Any CPU.Build.0 = Debug|Any CPU
		{902F66E6-EF5F-4008-9231-DA61E9F88DB9}.Release|Any CPU.ActiveCfg = Release|Any CPU
		{902F66E6-EF5F-4008-9231-DA61E9F88DB9}.Release|Any CPU.Build.0 = Release|Any CPU
		{847CAFFE-B555-4D0E-9B67-37CEE7ED33A7}.Debug|Any CPU.ActiveCfg = Debug|Any CPU
		{847CAFFE-B555-4D0E-9B67-37CEE7ED33A7}.Debug|Any CPU.Build.0 = Debug|Any CPU
		{847CAFFE-B555-4D0E-9B67-37CEE7ED33A7}.Release|Any CPU.ActiveCfg = Release|Any CPU
		{847CAFFE-B555-4D0E-9B67-37CEE7ED33A7}.Release|Any CPU.Build.0 = Release|Any CPU
		{09F446F9-877B-4E90-BDBD-6A2426CBBF06}.Debug|Any CPU.ActiveCfg = Debug|Any CPU
		{09F446F9-877B-4E90-BDBD-6A2426CBBF06}.Debug|Any CPU.Build.0 = Debug|Any CPU
		{09F446F9-877B-4E90-BDBD-6A2426CBBF06}.Release|Any CPU.ActiveCfg = Release|Any CPU
		{09F446F9-877B-4E90-BDBD-6A2426CBBF06}.Release|Any CPU.Build.0 = Release|Any CPU
		{968C5889-3CEC-4503-8D73-6F2B50065DCB}.Debug|Any CPU.ActiveCfg = Debug|Any CPU
		{968C5889-3CEC-4503-8D73-6F2B50065DCB}.Debug|Any CPU.Build.0 = Debug|Any CPU
		{968C5889-3CEC-4503-8D73-6F2B50065DCB}.Release|Any CPU.ActiveCfg = Release|Any CPU
		{968C5889-3CEC-4503-8D73-6F2B50065DCB}.Release|Any CPU.Build.0 = Release|Any CPU
		{985776BE-2DE6-4337-AF1F-4331485F0647}.Debug|Any CPU.ActiveCfg = Debug|Any CPU
		{985776BE-2DE6-4337-AF1F-4331485F0647}.Debug|Any CPU.Build.0 = Debug|Any CPU
		{985776BE-2DE6-4337-AF1F-4331485F0647}.Release|Any CPU.ActiveCfg = Release|Any CPU
		{985776BE-2DE6-4337-AF1F-4331485F0647}.Release|Any CPU.Build.0 = Release|Any CPU
		{0057138C-620C-4F7E-BD30-BFDABA8B7D17}.Debug|Any CPU.ActiveCfg = Debug|Any CPU
		{0057138C-620C-4F7E-BD30-BFDABA8B7D17}.Debug|Any CPU.Build.0 = Debug|Any CPU
		{0057138C-620C-4F7E-BD30-BFDABA8B7D17}.Release|Any CPU.ActiveCfg = Release|Any CPU
		{0057138C-620C-4F7E-BD30-BFDABA8B7D17}.Release|Any CPU.Build.0 = Release|Any CPU
		{71DF7016-CC23-4D24-8FE5-639A9FDEC439}.Debug|Any CPU.ActiveCfg = Debug|Any CPU
		{71DF7016-CC23-4D24-8FE5-639A9FDEC439}.Debug|Any CPU.Build.0 = Debug|Any CPU
		{71DF7016-CC23-4D24-8FE5-639A9FDEC439}.Release|Any CPU.ActiveCfg = Release|Any CPU
		{71DF7016-CC23-4D24-8FE5-639A9FDEC439}.Release|Any CPU.Build.0 = Release|Any CPU
		{1C039DC9-338D-4590-AC4C-1425910A6A0C}.Debug|Any CPU.ActiveCfg = Debug|Any CPU
		{1C039DC9-338D-4590-AC4C-1425910A6A0C}.Debug|Any CPU.Build.0 = Debug|Any CPU
		{1C039DC9-338D-4590-AC4C-1425910A6A0C}.Release|Any CPU.ActiveCfg = Release|Any CPU
		{1C039DC9-338D-4590-AC4C-1425910A6A0C}.Release|Any CPU.Build.0 = Release|Any CPU
		{CEB360EC-DE77-45B4-ABE8-E258D0CA380C}.Debug|Any CPU.ActiveCfg = Debug|Any CPU
		{CEB360EC-DE77-45B4-ABE8-E258D0CA380C}.Debug|Any CPU.Build.0 = Debug|Any CPU
		{CEB360EC-DE77-45B4-ABE8-E258D0CA380C}.Release|Any CPU.ActiveCfg = Release|Any CPU
		{CEB360EC-DE77-45B4-ABE8-E258D0CA380C}.Release|Any CPU.Build.0 = Release|Any CPU
		{5C9F169F-EF3E-43B4-8947-0135F3157977}.Debug|Any CPU.ActiveCfg = Debug|Any CPU
		{5C9F169F-EF3E-43B4-8947-0135F3157977}.Debug|Any CPU.Build.0 = Debug|Any CPU
		{5C9F169F-EF3E-43B4-8947-0135F3157977}.Release|Any CPU.ActiveCfg = Release|Any CPU
		{5C9F169F-EF3E-43B4-8947-0135F3157977}.Release|Any CPU.Build.0 = Release|Any CPU
		{B9B63CBB-2838-4DF3-8232-D4930C78ED92}.Debug|Any CPU.ActiveCfg = Debug|Any CPU
		{B9B63CBB-2838-4DF3-8232-D4930C78ED92}.Debug|Any CPU.Build.0 = Debug|Any CPU
		{B9B63CBB-2838-4DF3-8232-D4930C78ED92}.Release|Any CPU.ActiveCfg = Release|Any CPU
		{B9B63CBB-2838-4DF3-8232-D4930C78ED92}.Release|Any CPU.Build.0 = Release|Any CPU
		{761D960D-11AF-4E87-96AC-EBE486B85330}.Debug|Any CPU.ActiveCfg = Debug|Any CPU
		{761D960D-11AF-4E87-96AC-EBE486B85330}.Debug|Any CPU.Build.0 = Debug|Any CPU
		{761D960D-11AF-4E87-96AC-EBE486B85330}.Release|Any CPU.ActiveCfg = Release|Any CPU
		{761D960D-11AF-4E87-96AC-EBE486B85330}.Release|Any CPU.Build.0 = Release|Any CPU
		{D4FDE48B-B47F-407E-B2FC-7DC7A6902ADF}.Debug|Any CPU.ActiveCfg = Debug|Any CPU
		{D4FDE48B-B47F-407E-B2FC-7DC7A6902ADF}.Debug|Any CPU.Build.0 = Debug|Any CPU
		{D4FDE48B-B47F-407E-B2FC-7DC7A6902ADF}.Release|Any CPU.ActiveCfg = Release|Any CPU
		{D4FDE48B-B47F-407E-B2FC-7DC7A6902ADF}.Release|Any CPU.Build.0 = Release|Any CPU
		{B4D5D99E-547D-46B8-A50A-2D1D7054B138}.Debug|Any CPU.ActiveCfg = Debug|Any CPU
		{B4D5D99E-547D-46B8-A50A-2D1D7054B138}.Debug|Any CPU.Build.0 = Debug|Any CPU
		{B4D5D99E-547D-46B8-A50A-2D1D7054B138}.Release|Any CPU.ActiveCfg = Release|Any CPU
		{B4D5D99E-547D-46B8-A50A-2D1D7054B138}.Release|Any CPU.Build.0 = Release|Any CPU
		{35B15669-7A8B-4755-AA23-F57EBC4A65E1}.Debug|Any CPU.ActiveCfg = Debug|Any CPU
		{35B15669-7A8B-4755-AA23-F57EBC4A65E1}.Debug|Any CPU.Build.0 = Debug|Any CPU
		{35B15669-7A8B-4755-AA23-F57EBC4A65E1}.Release|Any CPU.ActiveCfg = Release|Any CPU
		{35B15669-7A8B-4755-AA23-F57EBC4A65E1}.Release|Any CPU.Build.0 = Release|Any CPU
		{A2FEF348-C3F4-4B9B-9214-27B3FAB7204D}.Debug|Any CPU.ActiveCfg = Debug|Any CPU
		{A2FEF348-C3F4-4B9B-9214-27B3FAB7204D}.Debug|Any CPU.Build.0 = Debug|Any CPU
		{A2FEF348-C3F4-4B9B-9214-27B3FAB7204D}.Release|Any CPU.ActiveCfg = Release|Any CPU
		{A2FEF348-C3F4-4B9B-9214-27B3FAB7204D}.Release|Any CPU.Build.0 = Release|Any CPU
		{24689EBD-9479-4DE6-93C4-2C136D30AE27}.Debug|Any CPU.ActiveCfg = Debug|Any CPU
		{24689EBD-9479-4DE6-93C4-2C136D30AE27}.Debug|Any CPU.Build.0 = Debug|Any CPU
		{24689EBD-9479-4DE6-93C4-2C136D30AE27}.Release|Any CPU.ActiveCfg = Release|Any CPU
		{24689EBD-9479-4DE6-93C4-2C136D30AE27}.Release|Any CPU.Build.0 = Release|Any CPU
		{A1AB93BA-9912-43FC-BCC7-3B1A7C14E46F}.Debug|Any CPU.ActiveCfg = Debug|Any CPU
		{A1AB93BA-9912-43FC-BCC7-3B1A7C14E46F}.Debug|Any CPU.Build.0 = Debug|Any CPU
		{A1AB93BA-9912-43FC-BCC7-3B1A7C14E46F}.Release|Any CPU.ActiveCfg = Release|Any CPU
		{A1AB93BA-9912-43FC-BCC7-3B1A7C14E46F}.Release|Any CPU.Build.0 = Release|Any CPU
		{243F491E-8C96-4528-8EA3-986F2D7477CC}.Debug|Any CPU.ActiveCfg = Debug|Any CPU
		{243F491E-8C96-4528-8EA3-986F2D7477CC}.Debug|Any CPU.Build.0 = Debug|Any CPU
		{243F491E-8C96-4528-8EA3-986F2D7477CC}.Release|Any CPU.ActiveCfg = Release|Any CPU
		{243F491E-8C96-4528-8EA3-986F2D7477CC}.Release|Any CPU.Build.0 = Release|Any CPU
		{58F56138-89AC-4FD3-A3D3-4DACB65785A2}.Debug|Any CPU.ActiveCfg = Debug|Any CPU
		{58F56138-89AC-4FD3-A3D3-4DACB65785A2}.Debug|Any CPU.Build.0 = Debug|Any CPU
		{58F56138-89AC-4FD3-A3D3-4DACB65785A2}.Release|Any CPU.ActiveCfg = Release|Any CPU
		{58F56138-89AC-4FD3-A3D3-4DACB65785A2}.Release|Any CPU.Build.0 = Release|Any CPU
		{AFDE396F-13CC-4F95-8531-11A5F7E1A6CE}.Debug|Any CPU.ActiveCfg = Debug|Any CPU
		{AFDE396F-13CC-4F95-8531-11A5F7E1A6CE}.Debug|Any CPU.Build.0 = Debug|Any CPU
		{AFDE396F-13CC-4F95-8531-11A5F7E1A6CE}.Release|Any CPU.ActiveCfg = Release|Any CPU
		{AFDE396F-13CC-4F95-8531-11A5F7E1A6CE}.Release|Any CPU.Build.0 = Release|Any CPU
	EndGlobalSection
	GlobalSection(SolutionProperties) = preSolution
		HideSolutionNode = FALSE
	EndGlobalSection
	GlobalSection(NestedProjects) = preSolution
		{501AD4D7-74A7-4DC8-9344-E90528FE26BA} = {02EA681E-C7D8-13C7-8484-4AC65E1B71E8}
		{EFFFC664-9138-43E1-8E32-1546DA11B30B} = {02EA681E-C7D8-13C7-8484-4AC65E1B71E8}
		{76134010-F3C4-4DB3-BBBA-820FC5D095D7} = {02EA681E-C7D8-13C7-8484-4AC65E1B71E8}
		{CF989DF1-C3EF-49A1-93BC-8636D5D37510} = {CFBB419C-4ECA-4A19-8597-DA6F951E8C5D}
		{FDD8B91C-0645-46F3-AB20-7EDDC88E7060} = {CFBB419C-4ECA-4A19-8597-DA6F951E8C5D}
		{071F58A3-ADF5-4AFE-97A1-726D0CA475F6} = {CFBB419C-4ECA-4A19-8597-DA6F951E8C5D}
		{A4CD6013-E803-461F-AA5E-04545C6F8D25} = {3A3FDEA7-1278-473F-A33E-0353A5767577}
		{56F8DB2A-018F-42E5-8BE0-90AB8650F25E} = {3A3FDEA7-1278-473F-A33E-0353A5767577}
		{59FE9FB7-2AAF-4023-B146-16CC0F86C909} = {3A3FDEA7-1278-473F-A33E-0353A5767577}
		{588F0DED-D9E7-47FB-9AD6-200C9E1BF7AE} = {8327E902-EDA7-4360-B13D-DE26A8731AEB}
		{9467BB59-4FF7-4CB4-9CE5-DC1C88794549} = {8327E902-EDA7-4360-B13D-DE26A8731AEB}
		{0D23E219-2383-4A56-8CE9-A271C15306FC} = {8327E902-EDA7-4360-B13D-DE26A8731AEB}
		{2C9C1D08-F372-45E9-9EBA-0B154C7C6576} = {E25FD877-F7B8-4829-B127-CE0B849FC880}
		{F9FABD15-E3C2-4C59-BA2A-505BD4F6AAA8} = {E25FD877-F7B8-4829-B127-CE0B849FC880}
		{B3CC3E60-FC0C-4994-AC28-1EB0D904677C} = {E25FD877-F7B8-4829-B127-CE0B849FC880}
		{2F9563A1-3692-490F-AB40-797184416DE5} = {08C0CC9F-5150-469C-94D7-C98269C6D00D}
		{68E69A2D-BB70-4174-9E73-3B78B40D0CFD} = {08C0CC9F-5150-469C-94D7-C98269C6D00D}
		{7BBA3E30-CE34-47BA-9637-71D58C7E3EE8} = {08C0CC9F-5150-469C-94D7-C98269C6D00D}
		{0684D00A-1B3C-4277-8FD9-32958BECF9D9} = {5D17A9DB-AE4E-49EC-8EF5-E620A6469F7C}
		{B01EF5BE-42A1-481A-AC15-67032219F46E} = {5D17A9DB-AE4E-49EC-8EF5-E620A6469F7C}
		{C681BED0-8BD7-454B-A050-5AF43C89EC40} = {5D17A9DB-AE4E-49EC-8EF5-E620A6469F7C}
		{902F66E6-EF5F-4008-9231-DA61E9F88DB9} = {545CB439-0331-478B-AA76-C7D388CF3F67}
		{847CAFFE-B555-4D0E-9B67-37CEE7ED33A7} = {545CB439-0331-478B-AA76-C7D388CF3F67}
		{09F446F9-877B-4E90-BDBD-6A2426CBBF06} = {545CB439-0331-478B-AA76-C7D388CF3F67}
		{968C5889-3CEC-4503-8D73-6F2B50065DCB} = {9E599E98-0AC6-4656-B6BA-9A98FE7CF71B}
		{985776BE-2DE6-4337-AF1F-4331485F0647} = {9E599E98-0AC6-4656-B6BA-9A98FE7CF71B}
		{0057138C-620C-4F7E-BD30-BFDABA8B7D17} = {9E599E98-0AC6-4656-B6BA-9A98FE7CF71B}
		{71DF7016-CC23-4D24-8FE5-639A9FDEC439} = {439BF051-ADB7-42DE-A781-ED17DA78DFC2}
		{1C039DC9-338D-4590-AC4C-1425910A6A0C} = {439BF051-ADB7-42DE-A781-ED17DA78DFC2}
		{CEB360EC-DE77-45B4-ABE8-E258D0CA380C} = {439BF051-ADB7-42DE-A781-ED17DA78DFC2}
		{5C9F169F-EF3E-43B4-8947-0135F3157977} = {1908443D-818A-4C5A-AB3B-F96AC4BA3442}
		{B9B63CBB-2838-4DF3-8232-D4930C78ED92} = {1908443D-818A-4C5A-AB3B-F96AC4BA3442}
		{761D960D-11AF-4E87-96AC-EBE486B85330} = {1908443D-818A-4C5A-AB3B-F96AC4BA3442}
		{D4FDE48B-B47F-407E-B2FC-7DC7A6902ADF} = {06190D6A-FD39-46E4-9081-984ADBDD314B}
		{B4D5D99E-547D-46B8-A50A-2D1D7054B138} = {06190D6A-FD39-46E4-9081-984ADBDD314B}
		{35B15669-7A8B-4755-AA23-F57EBC4A65E1} = {06190D6A-FD39-46E4-9081-984ADBDD314B}
		{A2FEF348-C3F4-4B9B-9214-27B3FAB7204D} = {ED779AE2-762D-44A6-A903-E6F319FF987C}
		{24689EBD-9479-4DE6-93C4-2C136D30AE27} = {ED779AE2-762D-44A6-A903-E6F319FF987C}
		{A1AB93BA-9912-43FC-BCC7-3B1A7C14E46F} = {ED779AE2-762D-44A6-A903-E6F319FF987C}
		{243F491E-8C96-4528-8EA3-986F2D7477CC} = {13E4CF84-4B30-46A2-BA8C-A8090086CF13}
		{58F56138-89AC-4FD3-A3D3-4DACB65785A2} = {13E4CF84-4B30-46A2-BA8C-A8090086CF13}
		{AFDE396F-13CC-4F95-8531-11A5F7E1A6CE} = {13E4CF84-4B30-46A2-BA8C-A8090086CF13}
	EndGlobalSection
	GlobalSection(ExtensibilityGlobals) = postSolution
		SolutionGuid = {D3DFA6DA-8379-4F5A-A196-4B7905AABEEB}
	EndGlobalSection
EndGlobal
