
Microsoft Visual Studio Solution File, Format Version 12.00
# Visual Studio Version 17
VisualStudioVersion = 17.14.36414.22
MinimumVisualStudioVersion = 10.0.40219.1
Project("{2150E333-8FDC-42A3-9474-1A3956D46DE8}") = "Task0V0", "Task0V0", "{02EA681E-C7D8-13C7-8484-4AC65E1B71E8}"
EndProject
Project("{FAE04EC0-301F-11D3-BF4B-00C04F79EFBC}") = "Tyuiu.GogolevVM.Sprint4.Task0.V0", "Tyuiu.GogolevVM.Sprint4.Task0.V0\Tyuiu.GogolevVM.Sprint4.Task0.V0.csproj", "{501AD4D7-74A7-4DC8-9344-E90528FE26BA}"
EndProject
Project("{FAE04EC0-301F-11D3-BF4B-00C04F79EFBC}") = "Tyuiu.GogolevVM.Sprint4.Task0.V0.Lib", "Tyuiu.GogolevVM.Sprint4.Task0.V0.Lib\Tyuiu.GogolevVM.Sprint4.Task0.V0.Lib.csproj", "{EFFFC664-9138-43E1-8E32-1546DA11B30B}"
EndProject
Project("{FAE04EC0-301F-11D3-BF4B-00C04F79EFBC}") = "Tyuiu.GogolevVM.Sprint4.Task0.V0.Test", "Tyuiu.GogolevVM.Sprint4.Task0.V0.Test\Tyuiu.GogolevVM.Sprint4.Task0.V0.Test.csproj", "{76134010-F3C4-4DB3-BBBA-820FC5D095D7}"
EndProject
Project("{FAE04EC0-301F-11D3-BF4B-00C04F79EFBC}") = "TestProgram", "TestProgram\TestProgram.csproj", "{EE4803B1-9CEE-4E37-96BE-FE8FD53D17EF}"
EndProject
Project("{2150E333-8FDC-42A3-9474-1A3956D46DE8}") = "Task0V25", "Task0V25", "{CFBB419C-4ECA-4A19-8597-DA6F951E8C5D}"
EndProject
Project("{FAE04EC0-301F-11D3-BF4B-00C04F79EFBC}") = "Tyuiu.GogolevVM.Sprint4.Task0.V25", "Tyuiu.GogolevVM.Sprint4.Task0.V25\Tyuiu.GogolevVM.Sprint4.Task0.V25.csproj", "{CF989DF1-C3EF-49A1-93BC-8636D5D37510}"
EndProject
Project("{FAE04EC0-301F-11D3-BF4B-00C04F79EFBC}") = "Tyuiu.GogolevVM.Sprint4.Task0.V25.Lib", "Tyuiu.GogolevVM.Sprint4.Task0.V25.Lib\Tyuiu.GogolevVM.Sprint4.Task0.V25.Lib.csproj", "{FDD8B91C-0645-46F3-AB20-7EDDC88E7060}"
EndProject
Project("{FAE04EC0-301F-11D3-BF4B-00C04F79EFBC}") = "Tyuiu.GogolevVM.Sprint4.Task0.V25.Test", "Tyuiu.GogolevVM.Sprint4.Task0.V25.Test\Tyuiu.GogolevVM.Sprint4.Task0.V25.Test.csproj", "{071F58A3-ADF5-4AFE-97A1-726D0CA475F6}"
EndProject
Project("{2150E333-8FDC-42A3-9474-1A3956D46DE8}") = "Task1V0", "Task1V0", "{3A3FDEA7-1278-473F-A33E-0353A5767577}"
EndProject
Project("{FAE04EC0-301F-11D3-BF4B-00C04F79EFBC}") = "Tyuiu.GogolevVM.Sprint4.Task1.V0", "Tyuiu.GogolevVM.Sprint4.Task1.V0\Tyuiu.GogolevVM.Sprint4.Task1.V0.csproj", "{A4CD6013-E803-461F-AA5E-04545C6F8D25}"
EndProject
Project("{FAE04EC0-301F-11D3-BF4B-00C04F79EFBC}") = "Tyuiu.GogolevVM.Sprint4.Task1.V0.Lib", "Tyuiu.GogolevVM.Sprint4.Task1.V0.Lib\Tyuiu.GogolevVM.Sprint4.Task1.V0.Lib.csproj", "{56F8DB2A-018F-42E5-8BE0-90AB8650F25E}"
EndProject
Project("{FAE04EC0-301F-11D3-BF4B-00C04F79EFBC}") = "Tyuiu.GogolevVM.Sprint4.Task1.V0.Test", "Tyuiu.GogolevVM.Sprint4.Task1.V0.Test\Tyuiu.GogolevVM.Sprint4.Task1.V0.Test.csproj", "{59FE9FB7-2AAF-4023-B146-16CC0F86C909}"
EndProject
Project("{2150E333-8FDC-42A3-9474-1A3956D46DE8}") = "Task1V22", "Task1V22", "{8327E902-EDA7-4360-B13D-DE26A8731AEB}"
EndProject
Project("{FAE04EC0-301F-11D3-BF4B-00C04F79EFBC}") = "Tyuiu.GogolevVM.Sprint4.Task1.V22", "Tyuiu.GogolevVM.Sprint4.Task1.V22\Tyuiu.GogolevVM.Sprint4.Task1.V22.csproj", "{588F0DED-D9E7-47FB-9AD6-200C9E1BF7AE}"
EndProject
Project("{FAE04EC0-301F-11D3-BF4B-00C04F79EFBC}") = "Tyuiu.GogolevVM.Sprint4.Task1.V22.Lib", "Tyuiu.GogolevVM.Sprint4.Task1.V22.Lib\Tyuiu.GogolevVM.Sprint4.Task1.V22.Lib.csproj", "{9467BB59-4FF7-4CB4-9CE5-DC1C88794549}"
EndProject
Project("{FAE04EC0-301F-11D3-BF4B-00C04F79EFBC}") = "Tyuiu.GogolevVM.Sprint4.Task1.V22.Test", "Tyuiu.GogolevVM.Sprint4.Task1.V22.Test\Tyuiu.GogolevVM.Sprint4.Task1.V22.Test.csproj", "{0D23E219-2383-4A56-8CE9-A271C15306FC}"
EndProject
Project("{2150E333-8FDC-42A3-9474-1A3956D46DE8}") = "Task2V0", "Task2V0", "{E25FD877-F7B8-4829-B127-CE0B849FC880}"
EndProject
Project("{FAE04EC0-301F-11D3-BF4B-00C04F79EFBC}") = "Tyuiu.GogolevVM.Sprint4.Task2.V0", "Tyuiu.GogolevVM.Sprint4.Task2.V0\Tyuiu.GogolevVM.Sprint4.Task2.V0.csproj", "{2C9C1D08-F372-45E9-9EBA-0B154C7C6576}"
EndProject
Project("{FAE04EC0-301F-11D3-BF4B-00C04F79EFBC}") = "Tyuiu.GogolevVM.Sprint4.Task2.V0.Test", "Tyuiu.GogolevVM.Sprint4.Task2.V0.Test\Tyuiu.GogolevVM.Sprint4.Task2.V0.Test.csproj", "{F9FABD15-E3C2-4C59-BA2A-505BD4F6AAA8}"
EndProject
Project("{FAE04EC0-301F-11D3-BF4B-00C04F79EFBC}") = "Tyuiu.GogolevVM.Sprint4.Task2.V0.Lib", "Tyuiu.GogolevVM.Sprint4.Task2.V0.Lib\Tyuiu.GogolevVM.Sprint4.Task2.V0.Lib.csproj", "{B3CC3E60-FC0C-4994-AC28-1EB0D904677C}"
EndProject
Project("{2150E333-8FDC-42A3-9474-1A3956D46DE8}") = "Task2V24", "Task2V24", "{08C0CC9F-5150-469C-94D7-C98269C6D00D}"
EndProject
Project("{FAE04EC0-301F-11D3-BF4B-00C04F79EFBC}") = "Tyuiu.GogolevVM.Sprint4.Task2.V24", "Tyuiu.GogolevVM.Sprint4.Task2.V24\Tyuiu.GogolevVM.Sprint4.Task2.V24.csproj", "{2F9563A1-3692-490F-AB40-797184416DE5}"
EndProject
Project("{FAE04EC0-301F-11D3-BF4B-00C04F79EFBC}") = "Tyuiu.GogolevVM.Sprint4.Task2.V24.Lib", "Tyuiu.GogolevVM.Sprint4.Task2.V24.Lib\Tyuiu.GogolevVM.Sprint4.Task2.V24.Lib.csproj", "{68E69A2D-BB70-4174-9E73-3B78B40D0CFD}"
EndProject
Project("{FAE04EC0-301F-11D3-BF4B-00C04F79EFBC}") = "Tyuiu.GogolevVM.Sprint4.Task2.V24.Test", "Tyuiu.GogolevVM.Sprint4.Task2.V24.Test\Tyuiu.GogolevVM.Sprint4.Task2.V24.Test.csproj", "{7BBA3E30-CE34-47BA-9637-71D58C7E3EE8}"
EndProject
Global
	GlobalSection(SolutionConfigurationPlatforms) = preSolution
		Debug|Any CPU = Debug|Any CPU
		Release|Any CPU = Release|Any CPU
	EndGlobalSection
	GlobalSection(ProjectConfigurationPlatforms) = postSolution
		{501AD4D7-74A7-4DC8-9344-E90528FE26BA}.Debug|Any CPU.ActiveCfg = Debug|Any CPU
		{501AD4D7-74A7-4DC8-9344-E90528FE26BA}.Debug|Any CPU.Build.0 = Debug|Any CPU
		{501AD4D7-74A7-4DC8-9344-E90528FE26BA}.Release|Any CPU.ActiveCfg = Release|Any CPU
		{501AD4D7-74A7-4DC8-9344-E90528FE26BA}.Release|Any CPU.Build.0 = Release|Any CPU
		{EFFFC664-9138-43E1-8E32-1546DA11B30B}.Debug|Any CPU.ActiveCfg = Debug|Any CPU
		{EFFFC664-9138-43E1-8E32-1546DA11B30B}.Debug|Any CPU.Build.0 = Debug|Any CPU
		{EFFFC664-9138-43E1-8E32-1546DA11B30B}.Release|Any CPU.ActiveCfg = Release|Any CPU
		{EFFFC664-9138-43E1-8E32-1546DA11B30B}.Release|Any CPU.Build.0 = Release|Any CPU
		{76134010-F3C4-4DB3-BBBA-820FC5D095D7}.Debug|Any CPU.ActiveCfg = Debug|Any CPU
		{76134010-F3C4-4DB3-BBBA-820FC5D095D7}.Debug|Any CPU.Build.0 = Debug|Any CPU
		{76134010-F3C4-4DB3-BBBA-820FC5D095D7}.Release|Any CPU.ActiveCfg = Release|Any CPU
		{76134010-F3C4-4DB3-BBBA-820FC5D095D7}.Release|Any CPU.Build.0 = Release|Any CPU
		{EE4803B1-9CEE-4E37-96BE-FE8FD53D17EF}.Debug|Any CPU.ActiveCfg = Debug|Any CPU
		{EE4803B1-9CEE-4E37-96BE-FE8FD53D17EF}.Debug|Any CPU.Build.0 = Debug|Any CPU
		{EE4803B1-9CEE-4E37-96BE-FE8FD53D17EF}.Release|Any CPU.ActiveCfg = Release|Any CPU
		{EE4803B1-9CEE-4E37-96BE-FE8FD53D17EF}.Release|Any CPU.Build.0 = Release|Any CPU
		{CF989DF1-C3EF-49A1-93BC-8636D5D37510}.Debug|Any CPU.ActiveCfg = Debug|Any CPU
		{CF989DF1-C3EF-49A1-93BC-8636D5D37510}.Debug|Any CPU.Build.0 = Debug|Any CPU
		{CF989DF1-C3EF-49A1-93BC-8636D5D37510}.Release|Any CPU.ActiveCfg = Release|Any CPU
		{CF989DF1-C3EF-49A1-93BC-8636D5D37510}.Release|Any CPU.Build.0 = Release|Any CPU
		{FDD8B91C-0645-46F3-AB20-7EDDC88E7060}.Debug|Any CPU.ActiveCfg = Debug|Any CPU
		{FDD8B91C-0645-46F3-AB20-7EDDC88E7060}.Debug|Any CPU.Build.0 = Debug|Any CPU
		{FDD8B91C-0645-46F3-AB20-7EDDC88E7060}.Release|Any CPU.ActiveCfg = Release|Any CPU
		{FDD8B91C-0645-46F3-AB20-7EDDC88E7060}.Release|Any CPU.Build.0 = Release|Any CPU
		{071F58A3-ADF5-4AFE-97A1-726D0CA475F6}.Debug|Any CPU.ActiveCfg = Debug|Any CPU
		{071F58A3-ADF5-4AFE-97A1-726D0CA475F6}.Debug|Any CPU.Build.0 = Debug|Any CPU
		{071F58A3-ADF5-4AFE-97A1-726D0CA475F6}.Release|Any CPU.ActiveCfg = Release|Any CPU
		{071F58A3-ADF5-4AFE-97A1-726D0CA475F6}.Release|Any CPU.Build.0 = Release|Any CPU
		{A4CD6013-E803-461F-AA5E-04545C6F8D25}.Debug|Any CPU.ActiveCfg = Debug|Any CPU
		{A4CD6013-E803-461F-AA5E-04545C6F8D25}.Debug|Any CPU.Build.0 = Debug|Any CPU
		{A4CD6013-E803-461F-AA5E-04545C6F8D25}.Release|Any CPU.ActiveCfg = Release|Any CPU
		{A4CD6013-E803-461F-AA5E-04545C6F8D25}.Release|Any CPU.Build.0 = Release|Any CPU
		{56F8DB2A-018F-42E5-8BE0-90AB8650F25E}.Debug|Any CPU.ActiveCfg = Debug|Any CPU
		{56F8DB2A-018F-42E5-8BE0-90AB8650F25E}.Debug|Any CPU.Build.0 = Debug|Any CPU
		{56F8DB2A-018F-42E5-8BE0-90AB8650F25E}.Release|Any CPU.ActiveCfg = Release|Any CPU
		{56F8DB2A-018F-42E5-8BE0-90AB8650F25E}.Release|Any CPU.Build.0 = Release|Any CPU
		{59FE9FB7-2AAF-4023-B146-16CC0F86C909}.Debug|Any CPU.ActiveCfg = Debug|Any CPU
		{59FE9FB7-2AAF-4023-B146-16CC0F86C909}.Debug|Any CPU.Build.0 = Debug|Any CPU
		{59FE9FB7-2AAF-4023-B146-16CC0F86C909}.Release|Any CPU.ActiveCfg = Release|Any CPU
		{59FE9FB7-2AAF-4023-B146-16CC0F86C909}.Release|Any CPU.Build.0 = Release|Any CPU
		{588F0DED-D9E7-47FB-9AD6-200C9E1BF7AE}.Debug|Any CPU.ActiveCfg = Debug|Any CPU
		{588F0DED-D9E7-47FB-9AD6-200C9E1BF7AE}.Debug|Any CPU.Build.0 = Debug|Any CPU
		{588F0DED-D9E7-47FB-9AD6-200C9E1BF7AE}.Release|Any CPU.ActiveCfg = Release|Any CPU
		{588F0DED-D9E7-47FB-9AD6-200C9E1BF7AE}.Release|Any CPU.Build.0 = Release|Any CPU
		{9467BB59-4FF7-4CB4-9CE5-DC1C88794549}.Debug|Any CPU.ActiveCfg = Debug|Any CPU
		{9467BB59-4FF7-4CB4-9CE5-DC1C88794549}.Debug|Any CPU.Build.0 = Debug|Any CPU
		{9467BB59-4FF7-4CB4-9CE5-DC1C88794549}.Release|Any CPU.ActiveCfg = Release|Any CPU
		{9467BB59-4FF7-4CB4-9CE5-DC1C88794549}.Release|Any CPU.Build.0 = Release|Any CPU
		{0D23E219-2383-4A56-8CE9-A271C15306FC}.Debug|Any CPU.ActiveCfg = Debug|Any CPU
		{0D23E219-2383-4A56-8CE9-A271C15306FC}.Debug|Any CPU.Build.0 = Debug|Any CPU
		{0D23E219-2383-4A56-8CE9-A271C15306FC}.Release|Any CPU.ActiveCfg = Release|Any CPU
		{0D23E219-2383-4A56-8CE9-A271C15306FC}.Release|Any CPU.Build.0 = Release|Any CPU
		{2C9C1D08-F372-45E9-9EBA-0B154C7C6576}.Debug|Any CPU.ActiveCfg = Debug|Any CPU
		{2C9C1D08-F372-45E9-9EBA-0B154C7C6576}.Debug|Any CPU.Build.0 = Debug|Any CPU
		{2C9C1D08-F372-45E9-9EBA-0B154C7C6576}.Release|Any CPU.ActiveCfg = Release|Any CPU
		{2C9C1D08-F372-45E9-9EBA-0B154C7C6576}.Release|Any CPU.Build.0 = Release|Any CPU
		{F9FABD15-E3C2-4C59-BA2A-505BD4F6AAA8}.Debug|Any CPU.ActiveCfg = Debug|Any CPU
		{F9FABD15-E3C2-4C59-BA2A-505BD4F6AAA8}.Debug|Any CPU.Build.0 = Debug|Any CPU
		{F9FABD15-E3C2-4C59-BA2A-505BD4F6AAA8}.Release|Any CPU.ActiveCfg = Release|Any CPU
		{F9FABD15-E3C2-4C59-BA2A-505BD4F6AAA8}.Release|Any CPU.Build.0 = Release|Any CPU
		{B3CC3E60-FC0C-4994-AC28-1EB0D904677C}.Debug|Any CPU.ActiveCfg = Debug|Any CPU
		{B3CC3E60-FC0C-4994-AC28-1EB0D904677C}.Debug|Any CPU.Build.0 = Debug|Any CPU
		{B3CC3E60-FC0C-4994-AC28-1EB0D904677C}.Release|Any CPU.ActiveCfg = Release|Any CPU
		{B3CC3E60-FC0C-4994-AC28-1EB0D904677C}.Release|Any CPU.Build.0 = Release|Any CPU
		{2F9563A1-3692-490F-AB40-797184416DE5}.Debug|Any CPU.ActiveCfg = Debug|Any CPU
		{2F9563A1-3692-490F-AB40-797184416DE5}.Debug|Any CPU.Build.0 = Debug|Any CPU
		{2F9563A1-3692-490F-AB40-797184416DE5}.Release|Any CPU.ActiveCfg = Release|Any CPU
		{2F9563A1-3692-490F-AB40-797184416DE5}.Release|Any CPU.Build.0 = Release|Any CPU
		{68E69A2D-BB70-4174-9E73-3B78B40D0CFD}.Debug|Any CPU.ActiveCfg = Debug|Any CPU
		{68E69A2D-BB70-4174-9E73-3B78B40D0CFD}.Debug|Any CPU.Build.0 = Debug|Any CPU
		{68E69A2D-BB70-4174-9E73-3B78B40D0CFD}.Release|Any CPU.ActiveCfg = Release|Any CPU
		{68E69A2D-BB70-4174-9E73-3B78B40D0CFD}.Release|Any CPU.Build.0 = Release|Any CPU
		{7BBA3E30-CE34-47BA-9637-71D58C7E3EE8}.Debug|Any CPU.ActiveCfg = Debug|Any CPU
		{7BBA3E30-CE34-47BA-9637-71D58C7E3EE8}.Debug|Any CPU.Build.0 = Debug|Any CPU
		{7BBA3E30-CE34-47BA-9637-71D58C7E3EE8}.Release|Any CPU.ActiveCfg = Release|Any CPU
		{7BBA3E30-CE34-47BA-9637-71D58C7E3EE8}.Release|Any CPU.Build.0 = Release|Any CPU
	EndGlobalSection
	GlobalSection(SolutionProperties) = preSolution
		HideSolutionNode = FALSE
	EndGlobalSection
	GlobalSection(NestedProjects) = preSolution
		{501AD4D7-74A7-4DC8-9344-E90528FE26BA} = {02EA681E-C7D8-13C7-8484-4AC65E1B71E8}
		{EFFFC664-9138-43E1-8E32-1546DA11B30B} = {02EA681E-C7D8-13C7-8484-4AC65E1B71E8}
		{76134010-F3C4-4DB3-BBBA-820FC5D095D7} = {02EA681E-C7D8-13C7-8484-4AC65E1B71E8}
		{CF989DF1-C3EF-49A1-93BC-8636D5D37510} = {CFBB419C-4ECA-4A19-8597-DA6F951E8C5D}
		{FDD8B91C-0645-46F3-AB20-7EDDC88E7060} = {CFBB419C-4ECA-4A19-8597-DA6F951E8C5D}
		{071F58A3-ADF5-4AFE-97A1-726D0CA475F6} = {CFBB419C-4ECA-4A19-8597-DA6F951E8C5D}
		{A4CD6013-E803-461F-AA5E-04545C6F8D25} = {3A3FDEA7-1278-473F-A33E-0353A5767577}
		{56F8DB2A-018F-42E5-8BE0-90AB8650F25E} = {3A3FDEA7-1278-473F-A33E-0353A5767577}
		{59FE9FB7-2AAF-4023-B146-16CC0F86C909} = {3A3FDEA7-1278-473F-A33E-0353A5767577}
		{588F0DED-D9E7-47FB-9AD6-200C9E1BF7AE} = {8327E902-EDA7-4360-B13D-DE26A8731AEB}
		{9467BB59-4FF7-4CB4-9CE5-DC1C88794549} = {8327E902-EDA7-4360-B13D-DE26A8731AEB}
		{0D23E219-2383-4A56-8CE9-A271C15306FC} = {8327E902-EDA7-4360-B13D-DE26A8731AEB}
		{2C9C1D08-F372-45E9-9EBA-0B154C7C6576} = {E25FD877-F7B8-4829-B127-CE0B849FC880}
		{F9FABD15-E3C2-4C59-BA2A-505BD4F6AAA8} = {E25FD877-F7B8-4829-B127-CE0B849FC880}
		{B3CC3E60-FC0C-4994-AC28-1EB0D904677C} = {E25FD877-F7B8-4829-B127-CE0B849FC880}
		{2F9563A1-3692-490F-AB40-797184416DE5} = {08C0CC9F-5150-469C-94D7-C98269C6D00D}
		{68E69A2D-BB70-4174-9E73-3B78B40D0CFD} = {08C0CC9F-5150-469C-94D7-C98269C6D00D}
		{7BBA3E30-CE34-47BA-9637-71D58C7E3EE8} = {08C0CC9F-5150-469C-94D7-C98269C6D00D}
	EndGlobalSection
	GlobalSection(ExtensibilityGlobals) = postSolution
		SolutionGuid = {D3DFA6DA-8379-4F5A-A196-4B7905AABEEB}
	EndGlobalSection
EndGlobal
